<Solution>
  <Project Path="Bank-03/Bank-03.csproj" Id="427f25d1-487f-4e2b-acee-416d251e42de" />
  <Project Path="Common07/Common07.csproj" Id="b6f4fdfd-40a1-4dd8-aebd-f3bb8980e044" />
  <Project Path="Demo04/Demo04.csproj" Id="39f0b9da-ccba-431a-b235-311474c1f49c" />
  <Project Path="Demo05/Demo05.csproj" Id="0c65c76c-44e6-4fd6-878a-1f7706b3a785" />
  <Project Path="Demo06/Demo06.csproj" Id="7812fcae-d69b-4fd0-b200-11a0c905a3e0" />
  <Project Path="Demo07/Demo07.csproj" Id="276d7df2-2f89-43eb-8a70-01145ff1103b" />
  <Project Path="Session01/Session01.csproj" />
  <Project Path="Session02/Session02.csproj" Id="517a2588-210c-46e1-aaf8-0e591999fa37" />
  <Project Path="Session03/Session03.csproj" Id="c0e44550-f68f-4198-b6b8-9fd33bdcf7ce" />
</Solution>
